
Microsoft Visual Studio Solution File, Format Version 12.00
# Visual Studio Version 17
VisualStudioVersion = 17.5.33502.453
MinimumVisualStudioVersion = 10.0.40219.1
Project("{FAE04EC0-301F-11D3-BF4B-00C04F79EFBC}") = "Abstraction", "Abstraction.csproj", "{16FDF0DB-2971-4CA3-85D6-A4255D292456}"
EndProject
Global
	GlobalSection(SolutionConfigurationPlatforms) = preSolution
		Debug|Any CPU = Debug|Any CPU
		Release|Any CPU = Release|Any CPU
	EndGlobalSection
	GlobalSection(ProjectConfigurationPlatforms) = postSolution
		{16FDF0DB-2971-4CA3-85D6-A4255D292456}.Debug|Any CPU.ActiveCfg = Debug|Any CPU
		{16FDF0DB-2971-4CA3-85D6-A4255D292456}.Debug|Any CPU.Build.0 = Debug|Any CPU
		{16FDF0DB-2971-4CA3-85D6-A4255D292456}.Release|Any CPU.ActiveCfg = Release|Any CPU
		{16FDF0DB-2971-4CA3-85D6-A4255D292456}.Release|Any CPU.Build.0 = Release|Any CPU
	EndGlobalSection
	GlobalSection(SolutionProperties) = preSolution
		HideSolutionNode = FALSE
	EndGlobalSection
	GlobalSection(ExtensibilityGlobals) = postSolution
		SolutionGuid = {AAF3717D-D942-436E-8976-250E109A5848}
	EndGlobalSection
EndGlobal
